
Microsoft Visual Studio Solution File, Format Version 12.00
# Visual Studio Version 17
VisualStudioVersion = 17.8.34408.163
MinimumVisualStudioVersion = 10.0.40219.1
Project("{FAE04EC0-301F-11D3-BF4B-00C04F79EFBC}") = "Cashier", "Cashier\Cashier.csproj", "{05830165-24BF-48DC-843B-A004D2A03252}"
EndProject
Global
	GlobalSection(SolutionConfigurationPlatforms) = preSolution
		Debug|Any CPU = Debug|Any CPU
		Release|Any CPU = Release|Any CPU
	EndGlobalSection
	GlobalSection(ProjectConfigurationPlatforms) = postSolution
		{05830165-24BF-48DC-843B-A004D2A03252}.Debug|Any CPU.ActiveCfg = Debug|Any CPU
		{05830165-24BF-48DC-843B-A004D2A03252}.Debug|Any CPU.Build.0 = Debug|Any CPU
		{05830165-24BF-48DC-843B-A004D2A03252}.Release|Any CPU.ActiveCfg = Release|Any CPU
		{05830165-24BF-48DC-843B-A004D2A03252}.Release|Any CPU.Build.0 = Release|Any CPU
	EndGlobalSection
	GlobalSection(SolutionProperties) = preSolution
		HideSolutionNode = FALSE
	EndGlobalSection
	GlobalSection(ExtensibilityGlobals) = postSolution
		SolutionGuid = {1DC67C0D-1D64-45AA-95D5-A2E159B96157}
	EndGlobalSection
EndGlobal
